{
  "version": 4,
  "terraform_version": "1.5.7",
  "serial": 12,
  "lineage": "da08c4f0-8b04-983a-ecff-dfd6f4ee4891",
  "outputs": {},
  "resources": [
    {
      "mode": "data",
      "type": "aws_iam_policy_document",
      "name": "assume_role",
      "provider": "provider[\"registry.terraform.io/hashicorp/aws\"]",
      "instances": [
        {
          "schema_version": 0,
          "attributes": {
            "id": "3552664922",
            "json": "{\n  \"Version\": \"2012-10-17\",\n  \"Statement\": [\n    {\n      \"Effect\": \"Allow\",\n      \"Action\": \"sts:AssumeRole\",\n      \"Principal\": {\n        \"Service\": \"eks.amazonaws.com\"\n      }\n    }\n  ]\n}",
            "minified_json": "{\"Version\":\"2012-10-17\",\"Statement\":[{\"Effect\":\"Allow\",\"Action\":\"sts:AssumeRole\",\"Principal\":{\"Service\":\"eks.amazonaws.com\"}}]}",
            "override_json": null,
            "override_policy_documents": null,
            "policy_id": null,
            "source_json": null,
            "source_policy_documents": null,
            "statement": [
              {
                "actions": [
                  "sts:AssumeRole"
                ],
                "condition": [],
                "effect": "Allow",
                "not_actions": [],
                "not_principals": [],
                "not_resources": [],
                "principals": [
                  {
                    "identifiers": [
                      "eks.amazonaws.com"
                    ],
                    "type": "Service"
                  }
                ],
                "resources": [],
                "sid": ""
              }
            ],
            "version": "2012-10-17"
          },
          "sensitive_attributes": []
        }
      ]
    },
    {
      "mode": "data",
      "type": "aws_subnet",
      "name": "this",
      "provider": "provider[\"registry.terraform.io/hashicorp/aws\"]",
      "instances": [
        {
          "index_key": "subnet-018d6b67",
          "schema_version": 0,
          "attributes": {
            "arn": "arn:aws:ec2:us-east-1:426781521025:subnet/subnet-018d6b67",
            "assign_ipv6_address_on_creation": false,
            "availability_zone": "us-east-1c",
            "availability_zone_id": "use1-az1",
            "available_ip_address_count": 4090,
            "cidr_block": "172.31.0.0/20",
            "customer_owned_ipv4_pool": "",
            "default_for_az": true,
            "enable_dns64": false,
            "enable_lni_at_device_index": 0,
            "enable_resource_name_dns_a_record_on_launch": false,
            "enable_resource_name_dns_aaaa_record_on_launch": false,
            "filter": null,
            "id": "subnet-018d6b67",
            "ipv6_cidr_block": "",
            "ipv6_cidr_block_association_id": "",
            "ipv6_native": false,
            "map_customer_owned_ip_on_launch": false,
            "map_public_ip_on_launch": true,
            "outpost_arn": "",
            "owner_id": "426781521025",
            "private_dns_hostname_type_on_launch": "ip-name",
            "state": "available",
            "tags": {},
            "timeouts": null,
            "vpc_id": "vpc-0133017b"
          },
          "sensitive_attributes": []
        },
        {
          "index_key": "subnet-263ed307",
          "schema_version": 0,
          "attributes": {
            "arn": "arn:aws:ec2:us-east-1:426781521025:subnet/subnet-263ed307",
            "assign_ipv6_address_on_creation": false,
            "availability_zone": "us-east-1d",
            "availability_zone_id": "use1-az2",
            "available_ip_address_count": 4086,
            "cidr_block": "172.31.80.0/20",
            "customer_owned_ipv4_pool": "",
            "default_for_az": true,
            "enable_dns64": false,
            "enable_lni_at_device_index": 0,
            "enable_resource_name_dns_a_record_on_launch": false,
            "enable_resource_name_dns_aaaa_record_on_launch": false,
            "filter": null,
            "id": "subnet-263ed307",
            "ipv6_cidr_block": "",
            "ipv6_cidr_block_association_id": "",
            "ipv6_native": false,
            "map_customer_owned_ip_on_launch": false,
            "map_public_ip_on_launch": true,
            "outpost_arn": "",
            "owner_id": "426781521025",
            "private_dns_hostname_type_on_launch": "ip-name",
            "state": "available",
            "tags": {},
            "timeouts": null,
            "vpc_id": "vpc-0133017b"
          },
          "sensitive_attributes": []
        },
        {
          "index_key": "subnet-6ba77f65",
          "schema_version": 0,
          "attributes": {
            "arn": "arn:aws:ec2:us-east-1:426781521025:subnet/subnet-6ba77f65",
            "assign_ipv6_address_on_creation": false,
            "availability_zone": "us-east-1f",
            "availability_zone_id": "use1-az5",
            "available_ip_address_count": 4090,
            "cidr_block": "172.31.64.0/20",
            "customer_owned_ipv4_pool": "",
            "default_for_az": true,
            "enable_dns64": false,
            "enable_lni_at_device_index": 0,
            "enable_resource_name_dns_a_record_on_launch": false,
            "enable_resource_name_dns_aaaa_record_on_launch": false,
            "filter": null,
            "id": "subnet-6ba77f65",
            "ipv6_cidr_block": "",
            "ipv6_cidr_block_association_id": "",
            "ipv6_native": false,
            "map_customer_owned_ip_on_launch": false,
            "map_public_ip_on_launch": true,
            "outpost_arn": "",
            "owner_id": "426781521025",
            "private_dns_hostname_type_on_launch": "ip-name",
            "state": "available",
            "tags": {},
            "timeouts": null,
            "vpc_id": "vpc-0133017b"
          },
          "sensitive_attributes": []
        },
        {
          "index_key": "subnet-7653e53b",
          "schema_version": 0,
          "attributes": {
            "arn": "arn:aws:ec2:us-east-1:426781521025:subnet/subnet-7653e53b",
            "assign_ipv6_address_on_creation": false,
            "availability_zone": "us-east-1a",
            "availability_zone_id": "use1-az4",
            "available_ip_address_count": 4090,
            "cidr_block": "172.31.16.0/20",
            "customer_owned_ipv4_pool": "",
            "default_for_az": true,
            "enable_dns64": false,
            "enable_lni_at_device_index": 0,
            "enable_resource_name_dns_a_record_on_launch": false,
            "enable_resource_name_dns_aaaa_record_on_launch": false,
            "filter": null,
            "id": "subnet-7653e53b",
            "ipv6_cidr_block": "",
            "ipv6_cidr_block_association_id": "",
            "ipv6_native": false,
            "map_customer_owned_ip_on_launch": false,
            "map_public_ip_on_launch": true,
            "outpost_arn": "",
            "owner_id": "426781521025",
            "private_dns_hostname_type_on_launch": "ip-name",
            "state": "available",
            "tags": {},
            "timeouts": null,
            "vpc_id": "vpc-0133017b"
          },
          "sensitive_attributes": []
        },
        {
          "index_key": "subnet-8992b8b7",
          "schema_version": 0,
          "attributes": {
            "arn": "arn:aws:ec2:us-east-1:426781521025:subnet/subnet-8992b8b7",
            "assign_ipv6_address_on_creation": false,
            "availability_zone": "us-east-1e",
            "availability_zone_id": "use1-az3",
            "available_ip_address_count": 4091,
            "cidr_block": "172.31.48.0/20",
            "customer_owned_ipv4_pool": "",
            "default_for_az": true,
            "enable_dns64": false,
            "enable_lni_at_device_index": 0,
            "enable_resource_name_dns_a_record_on_launch": false,
            "enable_resource_name_dns_aaaa_record_on_launch": false,
            "filter": null,
            "id": "subnet-8992b8b7",
            "ipv6_cidr_block": "",
            "ipv6_cidr_block_association_id": "",
            "ipv6_native": false,
            "map_customer_owned_ip_on_launch": false,
            "map_public_ip_on_launch": true,
            "outpost_arn": "",
            "owner_id": "426781521025",
            "private_dns_hostname_type_on_launch": "ip-name",
            "state": "available",
            "tags": {},
            "timeouts": null,
            "vpc_id": "vpc-0133017b"
          },
          "sensitive_attributes": []
        },
        {
          "index_key": "subnet-92de3dcd",
          "schema_version": 0,
          "attributes": {
            "arn": "arn:aws:ec2:us-east-1:426781521025:subnet/subnet-92de3dcd",
            "assign_ipv6_address_on_creation": false,
            "availability_zone": "us-east-1b",
            "availability_zone_id": "use1-az6",
            "available_ip_address_count": 4089,
            "cidr_block": "172.31.32.0/20",
            "customer_owned_ipv4_pool": "",
            "default_for_az": true,
            "enable_dns64": false,
            "enable_lni_at_device_index": 0,
            "enable_resource_name_dns_a_record_on_launch": false,
            "enable_resource_name_dns_aaaa_record_on_launch": false,
            "filter": null,
            "id": "subnet-92de3dcd",
            "ipv6_cidr_block": "",
            "ipv6_cidr_block_association_id": "",
            "ipv6_native": false,
            "map_customer_owned_ip_on_launch": false,
            "map_public_ip_on_launch": true,
            "outpost_arn": "",
            "owner_id": "426781521025",
            "private_dns_hostname_type_on_launch": "ip-name",
            "state": "available",
            "tags": {},
            "timeouts": null,
            "vpc_id": "vpc-0133017b"
          },
          "sensitive_attributes": []
        }
      ]
    },
    {
      "mode": "data",
      "type": "aws_subnets",
      "name": "all",
      "provider": "provider[\"registry.terraform.io/hashicorp/aws\"]",
      "instances": [
        {
          "schema_version": 0,
          "attributes": {
            "filter": [
              {
                "name": "vpc-id",
                "values": [
                  "vpc-0133017b"
                ]
              }
            ],
            "id": "us-east-1",
            "ids": [
              "subnet-018d6b67",
              "subnet-92de3dcd",
              "subnet-263ed307",
              "subnet-7653e53b",
              "subnet-8992b8b7",
              "subnet-6ba77f65"
            ],
            "tags": null,
            "timeouts": null
          },
          "sensitive_attributes": []
        }
      ]
    },
    {
      "mode": "data",
      "type": "aws_vpc",
      "name": "default",
      "provider": "provider[\"registry.terraform.io/hashicorp/aws\"]",
      "instances": [
        {
          "schema_version": 0,
          "attributes": {
            "arn": "arn:aws:ec2:us-east-1:426781521025:vpc/vpc-0133017b",
            "cidr_block": "172.31.0.0/16",
            "cidr_block_associations": [
              {
                "association_id": "vpc-cidr-assoc-52afa33e",
                "cidr_block": "172.31.0.0/16",
                "state": "associated"
              }
            ],
            "default": true,
            "dhcp_options_id": "dopt-ca79a5b0",
            "enable_dns_hostnames": true,
            "enable_dns_support": true,
            "enable_network_address_usage_metrics": false,
            "filter": null,
            "id": "vpc-0133017b",
            "instance_tenancy": "default",
            "ipv6_association_id": "",
            "ipv6_cidr_block": "",
            "main_route_table_id": "rtb-7ff84101",
            "owner_id": "426781521025",
            "state": null,
            "tags": {},
            "timeouts": null
          },
          "sensitive_attributes": []
        }
      ]
    },
    {
      "mode": "managed",
      "type": "aws_eks_cluster",
      "name": "example",
      "provider": "provider[\"registry.terraform.io/hashicorp/aws\"]",
      "instances": [
        {
          "schema_version": 1,
          "attributes": {
            "access_config": [
              {
                "authentication_mode": "CONFIG_MAP",
                "bootstrap_cluster_creator_admin_permissions": true
              }
            ],
            "arn": "arn:aws:eks:us-east-1:426781521025:cluster/weather-app-cluster",
            "bootstrap_self_managed_addons": true,
            "certificate_authority": [
              {
                "data": "LS0tLS1CRUdJTiBDRVJUSUZJQ0FURS0tLS0tCk1JSURCVENDQWUyZ0F3SUJBZ0lJR0MxTGJzSWlLRHd3RFFZSktvWklodmNOQVFFTEJRQXdGVEVUTUJFR0ExVUUKQXhNS2EzVmlaWEp1WlhSbGN6QWVGdzB5TkRFeE1qZ3hOalF3TWpoYUZ3MHpOREV4TWpZeE5qUTFNamhhTUJVeApFekFSQmdOVkJBTVRDbXQxWW1WeWJtVjBaWE13Z2dFaU1BMEdDU3FHU0liM0RRRUJBUVVBQTRJQkR3QXdnZ0VLCkFvSUJBUUM5bkVrUzN6TlM3RXQzc3djQkUwVjBCWVJHSHNOd3NSaEYvcWE2RzVaalgrY2FIYll3OW8yWm8zWDYKQWJGcUQvQmFMWEx6QWRvT3loZk9lUVVVUTd4K0d5WnZBK04yckxQblloNTVCOXFCS0J0SDVjZGV0amFTRExrSwo3bkRRaERwWjdmQUZOamJqdmVyVVVrZ0I5Q2FJR2drQ00vN3o4ZUdOa2pSakhQQjV2bDZKbEhoVFo3NFhIcUVWClJIaThiR0liRWMydDBHamJPNVB6NExvTWREcVJHRDlwTWRsQmoxTElCakpNM014WUROTFFJUG4zT3k1cURtdFkKR1NBL3FLRldFTUI5RlNKRk5xek50aXdhUUFkVHBlT3lzKy9FWmNoUDN4NHRDKzk4cTdqNklWanR3SzhoKzQvUQplS0cyU21pdktnSlBFcmtueWsyVldET1cxbEp6QWdNQkFBR2pXVEJYTUE0R0ExVWREd0VCL3dRRUF3SUNwREFQCkJnTlZIUk1CQWY4RUJUQURBUUgvTUIwR0ExVWREZ1FXQkJTMk8vdFpubFNleU9ZaVV5N3RIZk5yVC9raGFUQVYKQmdOVkhSRUVEakFNZ2dwcmRXSmxjbTVsZEdWek1BMEdDU3FHU0liM0RRRUJDd1VBQTRJQkFRQ2RlK0dZcTBwOQpuMzk2SjIwaGh1NkVkOW14S1dHcFkwV1VpZXJabEkzeUdwUEFkMzJZeWZQRUhROFhlYlFaQngvVUZBTzM2Ym9YCmMybTV4bTVsMnpEci9HcXdsQTZaOS9PNXdtL1pybWI4eVBkeHc2UXNXcHBiZksrSnZ4dkxnNXgydlZ3ZWJXUE4Kek1SSTROOGNhaW0yblZMdnpRVG8xYUdEanJqNjRkbncxRG80ZmxXV1lmTXZFK1p5UWs0LzBoMlhYTldVR1h4NQpFcVFzU2RJMGY2L3k2Y0FlNnhYc1ZHRWt6TkNHaVhkdjk2aEtlVmdoM29MY1ZqdjlLVVptbHVDdXBCVVpKNktyCm82OTBYaXNIRmNkamxyNzRweWtKODRZS0R2NWswemIrL29wdDZmdzlpMEVpTGIyb1lJY0JzTGlhbUdTSUlOWTkKdit0cFBRby9aWENGCi0tLS0tRU5EIENFUlRJRklDQVRFLS0tLS0K"
              }
            ],
            "cluster_id": null,
            "created_at": "2024-11-28T16:40:21Z",
            "enabled_cluster_log_types": [],
            "encryption_config": [],
            "endpoint": "https://E89D78644D7D04BC6CDFD5EA076399F3.gr7.us-east-1.eks.amazonaws.com",
            "id": "weather-app-cluster",
            "identity": [
              {
                "oidc": [
                  {
                    "issuer": "https://oidc.eks.us-east-1.amazonaws.com/id/E89D78644D7D04BC6CDFD5EA076399F3"
                  }
                ]
              }
            ],
            "kubernetes_network_config": [
              {
                "ip_family": "ipv4",
                "service_ipv4_cidr": "10.100.0.0/16",
                "service_ipv6_cidr": ""
              }
            ],
            "name": "weather-app-cluster",
            "outpost_config": [],
            "platform_version": "eks.12",
            "role_arn": "arn:aws:iam::426781521025:role/eks-uploader",
            "status": "ACTIVE",
            "tags": {},
            "tags_all": {},
            "timeouts": null,
            "upgrade_policy": [
              {
                "support_type": "EXTENDED"
              }
            ],
            "version": "1.31",
            "vpc_config": [
              {
                "cluster_security_group_id": "sg-09c6a33d3ac17c984",
                "endpoint_private_access": false,
                "endpoint_public_access": true,
                "public_access_cidrs": [
                  "0.0.0.0/0"
                ],
                "security_group_ids": [],
                "subnet_ids": [
                  "subnet-018d6b67",
                  "subnet-263ed307",
                  "subnet-6ba77f65",
                  "subnet-7653e53b",
                  "subnet-92de3dcd"
                ],
                "vpc_id": "vpc-0133017b"
              }
            ],
            "zonal_shift_config": []
          },
          "sensitive_attributes": [],
          "private": "eyJlMmJmYjczMC1lY2FhLTExZTYtOGY4OC0zNDM2M2JjN2M0YzAiOnsiY3JlYXRlIjoxODAwMDAwMDAwMDAwLCJkZWxldGUiOjkwMDAwMDAwMDAwMCwidXBkYXRlIjozNjAwMDAwMDAwMDAwfSwic2NoZW1hX3ZlcnNpb24iOiIxIn0=",
          "dependencies": [
            "aws_iam_role.example",
            "aws_iam_role_policy_attachment.example-AmazonEKSClusterPolicy",
            "data.aws_iam_policy_document.assume_role",
            "data.aws_subnet.this",
            "data.aws_subnets.all",
            "data.aws_vpc.default"
          ]
        }
      ]
    },
    {
      "mode": "managed",
      "type": "aws_eks_node_group",
      "name": "example1",
      "provider": "provider[\"registry.terraform.io/hashicorp/aws\"]",
      "instances": [
        {
          "schema_version": 0,
          "attributes": {
            "ami_type": "AL2023_x86_64_STANDARD",
            "arn": "arn:aws:eks:us-east-1:426781521025:nodegroup/weather-app-cluster/weatherapp_nodegroup/e4c9b9f3-f11d-655a-3111-667ea28ebbd4",
            "capacity_type": "ON_DEMAND",
            "cluster_name": "weather-app-cluster",
            "disk_size": 20,
            "force_update_version": null,
            "id": "weather-app-cluster:weatherapp_nodegroup",
            "instance_types": [
              "t3.medium"
            ],
            "labels": null,
            "launch_template": [],
            "node_group_name": "weatherapp_nodegroup",
            "node_group_name_prefix": "",
            "node_role_arn": "arn:aws:iam::426781521025:role/eks-node-group-weatherapp",
            "release_version": "1.31.2-20241121",
            "remote_access": [],
            "resources": [
              {
                "autoscaling_groups": [
                  {
                    "name": "eks-weatherapp_nodegroup-e4c9b9f3-f11d-655a-3111-667ea28ebbd4"
                  }
                ],
                "remote_access_security_group_id": ""
              }
            ],
            "scaling_config": [
              {
                "desired_size": 1,
                "max_size": 2,
                "min_size": 1
              }
            ],
            "status": "ACTIVE",
            "subnet_ids": [
              "subnet-018d6b67",
              "subnet-263ed307",
              "subnet-6ba77f65",
              "subnet-7653e53b",
              "subnet-92de3dcd"
            ],
            "tags": null,
            "tags_all": {},
            "taint": [],
            "timeouts": null,
            "update_config": [
              {
                "max_unavailable": 1,
                "max_unavailable_percentage": 0
              }
            ],
            "version": "1.31"
          },
          "sensitive_attributes": [],
          "private": "eyJlMmJmYjczMC1lY2FhLTExZTYtOGY4OC0zNDM2M2JjN2M0YzAiOnsiY3JlYXRlIjozNjAwMDAwMDAwMDAwLCJkZWxldGUiOjM2MDAwMDAwMDAwMDAsInVwZGF0ZSI6MzYwMDAwMDAwMDAwMH19",
          "dependencies": [
            "aws_eks_cluster.example",
            "aws_iam_role.example1",
            "aws_iam_role_policy_attachment.example-AmazonEC2ContainerRegistryReadOnly",
            "aws_iam_role_policy_attachment.example-AmazonEKSWorkerNodePolicy",
            "aws_iam_role_policy_attachment.example-AmazonEKS_CNI_Policy",
            "data.aws_subnet.this",
            "data.aws_subnets.all"
          ]
        }
      ]
    },
    {
      "mode": "managed",
      "type": "aws_iam_role",
      "name": "example",
      "provider": "provider[\"registry.terraform.io/hashicorp/aws\"]",
      "instances": [
        {
          "schema_version": 0,
          "attributes": {
            "arn": "arn:aws:iam::426781521025:role/eks-uploader",
            "assume_role_policy": "{\"Statement\":[{\"Action\":\"sts:AssumeRole\",\"Effect\":\"Allow\",\"Principal\":{\"Service\":\"eks.amazonaws.com\"}}],\"Version\":\"2012-10-17\"}",
            "create_date": "2024-11-28T16:28:06Z",
            "description": "",
            "force_detach_policies": false,
            "id": "eks-uploader",
            "inline_policy": [],
            "managed_policy_arns": [
              "arn:aws:iam::aws:policy/AmazonEKSClusterPolicy"
            ],
            "max_session_duration": 3600,
            "name": "eks-uploader",
            "name_prefix": "",
            "path": "/",
            "permissions_boundary": "",
            "tags": {},
            "tags_all": {},
            "unique_id": "AROAWGXRJGSAU7AKLZRKF"
          },
          "sensitive_attributes": [],
          "private": "bnVsbA==",
          "dependencies": [
            "data.aws_iam_policy_document.assume_role"
          ]
        }
      ]
    },
    {
      "mode": "managed",
      "type": "aws_iam_role",
      "name": "example1",
      "provider": "provider[\"registry.terraform.io/hashicorp/aws\"]",
      "instances": [
        {
          "schema_version": 0,
          "attributes": {
            "arn": "arn:aws:iam::426781521025:role/eks-node-group-weatherapp",
            "assume_role_policy": "{\"Statement\":[{\"Action\":\"sts:AssumeRole\",\"Effect\":\"Allow\",\"Principal\":{\"Service\":\"ec2.amazonaws.com\"}}],\"Version\":\"2012-10-17\"}",
            "create_date": "2024-11-28T17:53:16Z",
            "description": "",
            "force_detach_policies": false,
            "id": "eks-node-group-weatherapp",
            "inline_policy": [],
            "managed_policy_arns": [],
            "max_session_duration": 3600,
            "name": "eks-node-group-weatherapp",
            "name_prefix": "",
            "path": "/",
            "permissions_boundary": "",
            "tags": null,
            "tags_all": {},
            "unique_id": "AROAWGXRJGSA2LPKRZCHH"
          },
          "sensitive_attributes": [],
          "private": "bnVsbA=="
        }
      ]
    },
    {
      "mode": "managed",
      "type": "aws_iam_role_policy_attachment",
      "name": "example-AmazonEC2ContainerRegistryReadOnly",
      "provider": "provider[\"registry.terraform.io/hashicorp/aws\"]",
      "instances": [
        {
          "schema_version": 0,
          "attributes": {
            "id": "eks-node-group-weatherapp-20241128175316415500000002",
            "policy_arn": "arn:aws:iam::aws:policy/AmazonEC2ContainerRegistryReadOnly",
            "role": "eks-node-group-weatherapp"
          },
          "sensitive_attributes": [],
          "private": "bnVsbA==",
          "dependencies": [
            "aws_iam_role.example1"
          ]
        }
      ]
    },
    {
      "mode": "managed",
      "type": "aws_iam_role_policy_attachment",
      "name": "example-AmazonEKSClusterPolicy",
      "provider": "provider[\"registry.terraform.io/hashicorp/aws\"]",
      "instances": [
        {
          "schema_version": 0,
          "attributes": {
            "id": "eks-uploader-20241128162806985200000001",
            "policy_arn": "arn:aws:iam::aws:policy/AmazonEKSClusterPolicy",
            "role": "eks-uploader"
          },
          "sensitive_attributes": [],
          "private": "bnVsbA==",
          "dependencies": [
            "aws_iam_role.example",
            "data.aws_iam_policy_document.assume_role"
          ]
        }
      ]
    },
    {
      "mode": "managed",
      "type": "aws_iam_role_policy_attachment",
      "name": "example-AmazonEKSWorkerNodePolicy",
      "provider": "provider[\"registry.terraform.io/hashicorp/aws\"]",
      "instances": [
        {
          "schema_version": 0,
          "attributes": {
            "id": "eks-node-group-weatherapp-20241128175316330700000001",
            "policy_arn": "arn:aws:iam::aws:policy/AmazonEKSWorkerNodePolicy",
            "role": "eks-node-group-weatherapp"
          },
          "sensitive_attributes": [],
          "private": "bnVsbA==",
          "dependencies": [
            "aws_iam_role.example1"
          ]
        }
      ]
    },
    {
      "mode": "managed",
      "type": "aws_iam_role_policy_attachment",
      "name": "example-AmazonEKS_CNI_Policy",
      "provider": "provider[\"registry.terraform.io/hashicorp/aws\"]",
      "instances": [
        {
          "schema_version": 0,
          "attributes": {
            "id": "eks-node-group-weatherapp-20241128175316462600000003",
            "policy_arn": "arn:aws:iam::aws:policy/AmazonEKS_CNI_Policy",
            "role": "eks-node-group-weatherapp"
          },
          "sensitive_attributes": [],
          "private": "bnVsbA==",
          "dependencies": [
            "aws_iam_role.example1"
          ]
        }
      ]
    }
  ],
  "check_results": null
}
